
Microsoft Visual Studio Solution File, Format Version 12.00
# Visual Studio 15
VisualStudioVersion = 15.0.28307.168
MinimumVisualStudioVersion = 10.0.40219.1
Project("{FAE04EC0-301F-11D3-BF4B-00C04F79EFBC}") = "calculadora", "calculadora\calculadora.csproj", "{B727AE1B-6C84-4368-95AE-EC0B291468A3}"
EndProject
Global
	GlobalSection(SolutionConfigurationPlatforms) = preSolution
		Debug|Any CPU = Debug|Any CPU
		Release|Any CPU = Release|Any CPU
	EndGlobalSection
	GlobalSection(ProjectConfigurationPlatforms) = postSolution
		{B727AE1B-6C84-4368-95AE-EC0B291468A3}.Debug|Any CPU.ActiveCfg = Debug|Any CPU
		{B727AE1B-6C84-4368-95AE-EC0B291468A3}.Debug|Any CPU.Build.0 = Debug|Any CPU
		{B727AE1B-6C84-4368-95AE-EC0B291468A3}.Release|Any CPU.ActiveCfg = Release|Any CPU
		{B727AE1B-6C84-4368-95AE-EC0B291468A3}.Release|Any CPU.Build.0 = Release|Any CPU
	EndGlobalSection
	GlobalSection(SolutionProperties) = preSolution
		HideSolutionNode = FALSE
	EndGlobalSection
	GlobalSection(ExtensibilityGlobals) = postSolution
		SolutionGuid = {7CC1AF67-6541-423E-B782-A3641B587FC1}
	EndGlobalSection
EndGlobal
